<?xml version="1.0" encoding="utf-8"?>
<Project ToolsVersion="4.0" xmlns="http://schemas.microsoft.com/developer/msbuild/2003">
  <ItemGroup>
    <Filter Include="Source Files">
      <UniqueIdentifier>{4FC737F1-C7A5-4376-A066-2A32D752A2FF}</UniqueIdentifier>
      <Extensions>cpp;c;cc;cxx;c++;cppm;ixx;def;odl;idl;hpj;bat;asm;asmx</Extensions>
    </Filter>
    <Filter Include="Source Files\Audio">
      <UniqueIdentifier>{b8650c01-a932-4a2a-b43e-52b30d05f315}</UniqueIdentifier>
    </Filter>
    <Filter Include="Source Files\Graphics">
      <UniqueIdentifier>{7a419980-7a91-4e4d-81db-e496e25b3973}</UniqueIdentifier>
    </Filter>
    <Filter Include="Source Files\Game">
      <UniqueIdentifier>{89eaa0cc-1f64-4b28-b706-67105a537809}</UniqueIdentifier>
    </Filter>
    <Filter Include="Source Files\Utilities">
      <UniqueIdentifier>{b34ad154-6e6b-4476-8ab8-771e3b38408b}</UniqueIdentifier>
    </Filter>
    <Filter Include="Source Files\Platform">
      <UniqueIdentifier>{8ad045b3-0dd3-478e-be82-0c9b5e6c7c21}</UniqueIdentifier>
    </Filter>
    <Filter Include="Source Files\Game\Entities">
      <UniqueIdentifier>{1ca31303-abc6-40d3-8830-b5b6853ed295}</UniqueIdentifier>
    </Filter>
    <Filter Include="Source Files\Game\Gameplay">
      <UniqueIdentifier>{6e99a273-9bca-4af0-964d-28d0e56ebb99}</UniqueIdentifier>
    </Filter>
    <Filter Include="Source Files\Game\Physics">
      <UniqueIdentifier>{044094a3-b5d5-42cc-b5e5-78a2b873e377}</UniqueIdentifier>
    </Filter>
    <Filter Include="Source Files\Game\Arsenal">
      <UniqueIdentifier>{39515c38-dc22-48f6-bc22-3a55b6cf30ea}</UniqueIdentifier>
    </Filter>
    <Filter Include="Source Files\Game\World">
      <UniqueIdentifier>{9701c287-3e72-492c-8840-3a7c43f231e1}</UniqueIdentifier>
    </Filter>
    <Filter Include="Source Files\Shaders">
      <UniqueIdentifier>{0c5ce9b8-4450-475c-85ba-96b9ce7413d2}</UniqueIdentifier>
    </Filter>
  </ItemGroup>
  <ItemGroup>
    <ClCompile Include="src\Main.cpp">
      <Filter>Source Files</Filter>
    </ClCompile>
    <ClCompile Include="src\Audio_DirectSound.cpp">
      <Filter>Source Files\Audio</Filter>
    </ClCompile>
    <ClCompile Include="src\Audio_xAudio2.cpp">
      <Filter>Source Files\Audio</Filter>
    </ClCompile>
    <ClCompile Include="src\Debug.cpp">
      <Filter>Source Files\Graphics</Filter>
    </ClCompile>
    <ClCompile Include="src\Game_Utility.cpp">
      <Filter>Source Files\Utilities</Filter>
    </ClCompile>
    <ClCompile Include="src\GL_Functions.cpp">
      <Filter>Source Files\Graphics</Filter>
    </ClCompile>
    <ClCompile Include="src\Globals.cpp">
      <Filter>Source Files\Utilities</Filter>
    </ClCompile>
    <ClCompile Include="src\Image.cpp">
      <Filter>Source Files\Graphics</Filter>
    </ClCompile>
    <ClCompile Include="src\My_Math.cpp">
      <Filter>Source Files\Utilities</Filter>
    </ClCompile>
    <ClCompile Include="src\Renderer.cpp">
      <Filter>Source Files\Graphics</Filter>
    </ClCompile>
    <ClCompile Include="src\Sprite_System.cpp">
      <Filter>Source Files\Graphics</Filter>
    </ClCompile>
    <ClCompile Include="src\Utility.cpp">
      <Filter>Source Files\Utilities</Filter>
    </ClCompile>
    <ClCompile Include="src\Windows_Platform.cpp">
      <Filter>Source Files\Platform</Filter>
    </ClCompile>
    <ClCompile Include="src\Game_Data.cpp">
      <Filter>Source Files\Game\Gameplay</Filter>
    </ClCompile>
    <ClCompile Include="src\Night_Wave.cpp">
      <Filter>Source Files\Game\Gameplay</Filter>
    </ClCompile>
    <ClCompile Include="src\Entity_Manager.cpp">
      <Filter>Source Files\Game\Entities</Filter>
    </ClCompile>
    <ClCompile Include="src\Unit.cpp">
      <Filter>Source Files\Game\Entities</Filter>
    </ClCompile>
    <ClCompile Include="src\World.cpp">
      <Filter>Source Files\Game\World</Filter>
    </ClCompile>
    <ClCompile Include="src\Rigidbody.cpp">
      <Filter>Source Files\Game\Physics</Filter>
    </ClCompile>
    <ClCompile Include="src\Weapon.cpp">
      <Filter>Source Files\Game\Arsenal</Filter>
    </ClCompile>
    <ClCompile Include="src\Projectile.cpp">
      <Filter>Source Files\Game\Arsenal</Filter>
    </ClCompile>
    <ClCompile Include="src\Ability.cpp">
      <Filter>Source Files\Game\Arsenal</Filter>
    </ClCompile>
    <ClCompile Include="src\Player.cpp">
      <Filter>Source Files\Game\Arsenal</Filter>
    </ClCompile>
  </ItemGroup>
  <ItemGroup>
    <ClInclude Include="src\Audio_DirectSound.h">
      <Filter>Source Files\Audio</Filter>
    </ClInclude>
    <ClInclude Include="src\Audio_xAudio2.h">
      <Filter>Source Files\Audio</Filter>
    </ClInclude>
    <ClInclude Include="src\Debug.h">
      <Filter>Source Files\Graphics</Filter>
    </ClInclude>
    <ClInclude Include="src\Game_Utility.h">
      <Filter>Source Files\Utilities</Filter>
    </ClInclude>
    <ClInclude Include="src\GL_Functions.h">
      <Filter>Source Files\Graphics</Filter>
    </ClInclude>
    <ClInclude Include="src\Globals.h">
      <Filter>Source Files\Utilities</Filter>
    </ClInclude>
    <ClInclude Include="src\Image.h">
      <Filter>Source Files\Graphics</Filter>
    </ClInclude>
    <ClInclude Include="src\My_Math.h">
      <Filter>Source Files\Utilities</Filter>
    </ClInclude>
    <ClInclude Include="src\Renderer.h">
      <Filter>Source Files\Graphics</Filter>
    </ClInclude>
    <ClInclude Include="src\Sprite_System.h">
      <Filter>Source Files\Graphics</Filter>
    </ClInclude>
    <ClInclude Include="src\Utility.h">
      <Filter>Source Files\Utilities</Filter>
    </ClInclude>
    <ClInclude Include="src\Windows_Platform.h">
      <Filter>Source Files\Platform</Filter>
    </ClInclude>
    <ClInclude Include="src\Game_Data.h">
      <Filter>Source Files\Game\Gameplay</Filter>
    </ClInclude>
    <ClInclude Include="src\Night_Wave.h">
      <Filter>Source Files\Game\Gameplay</Filter>
    </ClInclude>
    <ClInclude Include="src\Entity_Manager.h">
      <Filter>Source Files\Game\Entities</Filter>
    </ClInclude>
    <ClInclude Include="src\Unit.h">
      <Filter>Source Files\Game\Entities</Filter>
    </ClInclude>
    <ClInclude Include="src\World.h">
      <Filter>Source Files\Game\World</Filter>
    </ClInclude>
    <ClInclude Include="src\Rigidbody.h">
      <Filter>Source Files\Game\Physics</Filter>
    </ClInclude>
    <ClInclude Include="src\Weapon.h">
      <Filter>Source Files\Game\Arsenal</Filter>
    </ClInclude>
    <ClInclude Include="src\Projectile.h">
      <Filter>Source Files\Game\Arsenal</Filter>
    </ClInclude>
    <ClInclude Include="src\Perlin.h">
      <Filter>Source Files\Game\World</Filter>
    </ClInclude>
    <ClInclude Include="src\Ability.h">
      <Filter>Source Files\Game\Arsenal</Filter>
    </ClInclude>
    <ClInclude Include="src\Player.h">
      <Filter>Source Files\Game\Arsenal</Filter>
    </ClInclude>
  </ItemGroup>
  <ItemGroup>
    <Text Include="shaders\fs_2d_draw.txt">
      <Filter>Source Files\Shaders</Filter>
    </Text>
    <Text Include="shaders\fs_2d_texture.txt">
      <Filter>Source Files\Shaders</Filter>
    </Text>
    <Text Include="shaders\fs_2d_texture_outline.txt">
      <Filter>Source Files\Shaders</Filter>
    </Text>
    <Text Include="shaders\fs_2d_tile_map.txt">
      <Filter>Source Files\Shaders</Filter>
    </Text>
    <Text Include="shaders\vs_2d_draw.txt">
      <Filter>Source Files\Shaders</Filter>
    </Text>
    <Text Include="shaders\vs_2d_texture.txt">
      <Filter>Source Files\Shaders</Filter>
    </Text>
    <Text Include="shaders\vs_2d_texture_outline.txt">
      <Filter>Source Files\Shaders</Filter>
    </Text>
    <Text Include="shaders\vs_2d_tile_map.txt">
      <Filter>Source Files\Shaders</Filter>
    </Text>
  </ItemGroup>
</Project>